
Microsoft Visual Studio Solution File, Format Version 12.00
# Visual Studio 14
VisualStudioVersion = 14.0.25420.1
MinimumVisualStudioVersion = 10.0.40219.1
Project("{FAE04EC0-301F-11D3-BF4B-00C04F79EFBC}") = "ChickenSoftware.Processor", "ChickenSoftware.CustomerProcessor\ChickenSoftware.Processor.csproj", "{0DF8151D-1417-420F-AAAC-EC0C810FC1CA}"
EndProject
Project("{FAE04EC0-301F-11D3-BF4B-00C04F79EFBC}") = "ChickenSoftware.Core", "ChickenSoftware.Core\ChickenSoftware.Core.csproj", "{A74D3EDC-E495-4F6D-8556-A90917EF199E}"
EndProject
Project("{FAE04EC0-301F-11D3-BF4B-00C04F79EFBC}") = "ChickenSoftware.Processor.UI", "ChickenSoftware.Processor.UI\ChickenSoftware.Processor.UI.csproj", "{144678EF-32F7-4B08-BEA1-B3B7ED3114C7}"
EndProject
Project("{F2A71F9B-5D33-465A-A702-920D77279786}") = "ChickenSoftware.Processor.FS", "ChickenSoftware.Processor.FS\ChickenSoftware.Processor.FS.fsproj", "{1903AA7E-EB68-43F7-9EA5-A5652E022948}"
EndProject
Global
	GlobalSection(SolutionConfigurationPlatforms) = preSolution
		Debug|Any CPU = Debug|Any CPU
		Debug|ARM = Debug|ARM
		Debug|x64 = Debug|x64
		Debug|x86 = Debug|x86
		Release|Any CPU = Release|Any CPU
		Release|ARM = Release|ARM
		Release|x64 = Release|x64
		Release|x86 = Release|x86
	EndGlobalSection
	GlobalSection(ProjectConfigurationPlatforms) = postSolution
		{0DF8151D-1417-420F-AAAC-EC0C810FC1CA}.Debug|Any CPU.ActiveCfg = Debug|Any CPU
		{0DF8151D-1417-420F-AAAC-EC0C810FC1CA}.Debug|Any CPU.Build.0 = Debug|Any CPU
		{0DF8151D-1417-420F-AAAC-EC0C810FC1CA}.Debug|ARM.ActiveCfg = Debug|Any CPU
		{0DF8151D-1417-420F-AAAC-EC0C810FC1CA}.Debug|ARM.Build.0 = Debug|Any CPU
		{0DF8151D-1417-420F-AAAC-EC0C810FC1CA}.Debug|x64.ActiveCfg = Debug|Any CPU
		{0DF8151D-1417-420F-AAAC-EC0C810FC1CA}.Debug|x64.Build.0 = Debug|Any CPU
		{0DF8151D-1417-420F-AAAC-EC0C810FC1CA}.Debug|x86.ActiveCfg = Debug|Any CPU
		{0DF8151D-1417-420F-AAAC-EC0C810FC1CA}.Debug|x86.Build.0 = Debug|Any CPU
		{0DF8151D-1417-420F-AAAC-EC0C810FC1CA}.Release|Any CPU.ActiveCfg = Release|Any CPU
		{0DF8151D-1417-420F-AAAC-EC0C810FC1CA}.Release|Any CPU.Build.0 = Release|Any CPU
		{0DF8151D-1417-420F-AAAC-EC0C810FC1CA}.Release|ARM.ActiveCfg = Release|Any CPU
		{0DF8151D-1417-420F-AAAC-EC0C810FC1CA}.Release|ARM.Build.0 = Release|Any CPU
		{0DF8151D-1417-420F-AAAC-EC0C810FC1CA}.Release|x64.ActiveCfg = Release|Any CPU
		{0DF8151D-1417-420F-AAAC-EC0C810FC1CA}.Release|x64.Build.0 = Release|Any CPU
		{0DF8151D-1417-420F-AAAC-EC0C810FC1CA}.Release|x86.ActiveCfg = Release|Any CPU
		{0DF8151D-1417-420F-AAAC-EC0C810FC1CA}.Release|x86.Build.0 = Release|Any CPU
		{A74D3EDC-E495-4F6D-8556-A90917EF199E}.Debug|Any CPU.ActiveCfg = Debug|Any CPU
		{A74D3EDC-E495-4F6D-8556-A90917EF199E}.Debug|Any CPU.Build.0 = Debug|Any CPU
		{A74D3EDC-E495-4F6D-8556-A90917EF199E}.Debug|ARM.ActiveCfg = Debug|Any CPU
		{A74D3EDC-E495-4F6D-8556-A90917EF199E}.Debug|ARM.Build.0 = Debug|Any CPU
		{A74D3EDC-E495-4F6D-8556-A90917EF199E}.Debug|x64.ActiveCfg = Debug|Any CPU
		{A74D3EDC-E495-4F6D-8556-A90917EF199E}.Debug|x64.Build.0 = Debug|Any CPU
		{A74D3EDC-E495-4F6D-8556-A90917EF199E}.Debug|x86.ActiveCfg = Debug|Any CPU
		{A74D3EDC-E495-4F6D-8556-A90917EF199E}.Debug|x86.Build.0 = Debug|Any CPU
		{A74D3EDC-E495-4F6D-8556-A90917EF199E}.Release|Any CPU.ActiveCfg = Release|Any CPU
		{A74D3EDC-E495-4F6D-8556-A90917EF199E}.Release|Any CPU.Build.0 = Release|Any CPU
		{A74D3EDC-E495-4F6D-8556-A90917EF199E}.Release|ARM.ActiveCfg = Release|Any CPU
		{A74D3EDC-E495-4F6D-8556-A90917EF199E}.Release|ARM.Build.0 = Release|Any CPU
		{A74D3EDC-E495-4F6D-8556-A90917EF199E}.Release|x64.ActiveCfg = Release|Any CPU
		{A74D3EDC-E495-4F6D-8556-A90917EF199E}.Release|x64.Build.0 = Release|Any CPU
		{A74D3EDC-E495-4F6D-8556-A90917EF199E}.Release|x86.ActiveCfg = Release|Any CPU
		{A74D3EDC-E495-4F6D-8556-A90917EF199E}.Release|x86.Build.0 = Release|Any CPU
		{144678EF-32F7-4B08-BEA1-B3B7ED3114C7}.Debug|Any CPU.ActiveCfg = Debug|Any CPU
		{144678EF-32F7-4B08-BEA1-B3B7ED3114C7}.Debug|Any CPU.Build.0 = Debug|Any CPU
		{144678EF-32F7-4B08-BEA1-B3B7ED3114C7}.Debug|ARM.ActiveCfg = Debug|Any CPU
		{144678EF-32F7-4B08-BEA1-B3B7ED3114C7}.Debug|ARM.Build.0 = Debug|Any CPU
		{144678EF-32F7-4B08-BEA1-B3B7ED3114C7}.Debug|x64.ActiveCfg = Debug|Any CPU
		{144678EF-32F7-4B08-BEA1-B3B7ED3114C7}.Debug|x64.Build.0 = Debug|Any CPU
		{144678EF-32F7-4B08-BEA1-B3B7ED3114C7}.Debug|x86.ActiveCfg = Debug|Any CPU
		{144678EF-32F7-4B08-BEA1-B3B7ED3114C7}.Debug|x86.Build.0 = Debug|Any CPU
		{144678EF-32F7-4B08-BEA1-B3B7ED3114C7}.Release|Any CPU.ActiveCfg = Release|Any CPU
		{144678EF-32F7-4B08-BEA1-B3B7ED3114C7}.Release|Any CPU.Build.0 = Release|Any CPU
		{144678EF-32F7-4B08-BEA1-B3B7ED3114C7}.Release|ARM.ActiveCfg = Release|Any CPU
		{144678EF-32F7-4B08-BEA1-B3B7ED3114C7}.Release|ARM.Build.0 = Release|Any CPU
		{144678EF-32F7-4B08-BEA1-B3B7ED3114C7}.Release|x64.ActiveCfg = Release|Any CPU
		{144678EF-32F7-4B08-BEA1-B3B7ED3114C7}.Release|x64.Build.0 = Release|Any CPU
		{144678EF-32F7-4B08-BEA1-B3B7ED3114C7}.Release|x86.ActiveCfg = Release|Any CPU
		{144678EF-32F7-4B08-BEA1-B3B7ED3114C7}.Release|x86.Build.0 = Release|Any CPU
		{1903AA7E-EB68-43F7-9EA5-A5652E022948}.Debug|Any CPU.ActiveCfg = Debug|Any CPU
		{1903AA7E-EB68-43F7-9EA5-A5652E022948}.Debug|Any CPU.Build.0 = Debug|Any CPU
		{1903AA7E-EB68-43F7-9EA5-A5652E022948}.Debug|ARM.ActiveCfg = Debug|Any CPU
		{1903AA7E-EB68-43F7-9EA5-A5652E022948}.Debug|ARM.Build.0 = Debug|Any CPU
		{1903AA7E-EB68-43F7-9EA5-A5652E022948}.Debug|x64.ActiveCfg = Debug|Any CPU
		{1903AA7E-EB68-43F7-9EA5-A5652E022948}.Debug|x64.Build.0 = Debug|Any CPU
		{1903AA7E-EB68-43F7-9EA5-A5652E022948}.Debug|x86.ActiveCfg = Debug|Any CPU
		{1903AA7E-EB68-43F7-9EA5-A5652E022948}.Debug|x86.Build.0 = Debug|Any CPU
		{1903AA7E-EB68-43F7-9EA5-A5652E022948}.Release|Any CPU.ActiveCfg = Release|Any CPU
		{1903AA7E-EB68-43F7-9EA5-A5652E022948}.Release|Any CPU.Build.0 = Release|Any CPU
		{1903AA7E-EB68-43F7-9EA5-A5652E022948}.Release|ARM.ActiveCfg = Release|Any CPU
		{1903AA7E-EB68-43F7-9EA5-A5652E022948}.Release|ARM.Build.0 = Release|Any CPU
		{1903AA7E-EB68-43F7-9EA5-A5652E022948}.Release|x64.ActiveCfg = Release|Any CPU
		{1903AA7E-EB68-43F7-9EA5-A5652E022948}.Release|x64.Build.0 = Release|Any CPU
		{1903AA7E-EB68-43F7-9EA5-A5652E022948}.Release|x86.ActiveCfg = Release|Any CPU
		{1903AA7E-EB68-43F7-9EA5-A5652E022948}.Release|x86.Build.0 = Release|Any CPU
	EndGlobalSection
	GlobalSection(SolutionProperties) = preSolution
		HideSolutionNode = FALSE
	EndGlobalSection
EndGlobal
